
Microsoft Visual Studio Solution File, Format Version 12.00
# Visual Studio Version 17
VisualStudioVersion = 17.14.36310.24 d17.14
MinimumVisualStudioVersion = 10.0.40219.1
Project("{FAE04EC0-301F-11D3-BF4B-00C04F79EFBC}") = "Demo_Collection_In_C#_Day3", "Demo_Collection_In_C#_Day3.csproj", "{ED1E7DD0-E0DD-4DF5-B923-747785B7878D}"
EndProject
Global
	GlobalSection(SolutionConfigurationPlatforms) = preSolution
		Debug|Any CPU = Debug|Any CPU
		Release|Any CPU = Release|Any CPU
	EndGlobalSection
	GlobalSection(ProjectConfigurationPlatforms) = postSolution
		{ED1E7DD0-E0DD-4DF5-B923-747785B7878D}.Debug|Any CPU.ActiveCfg = Debug|Any CPU
		{ED1E7DD0-E0DD-4DF5-B923-747785B7878D}.Debug|Any CPU.Build.0 = Debug|Any CPU
		{ED1E7DD0-E0DD-4DF5-B923-747785B7878D}.Release|Any CPU.ActiveCfg = Release|Any CPU
		{ED1E7DD0-E0DD-4DF5-B923-747785B7878D}.Release|Any CPU.Build.0 = Release|Any CPU
	EndGlobalSection
	GlobalSection(SolutionProperties) = preSolution
		HideSolutionNode = FALSE
	EndGlobalSection
	GlobalSection(ExtensibilityGlobals) = postSolution
		SolutionGuid = {D28DDCDE-170E-4818-821F-E8E2F74D0742}
	EndGlobalSection
EndGlobal
